
Microsoft Visual Studio Solution File, Format Version 12.00
# Visual Studio Version 16
VisualStudioVersion = 16.0.31313.79
MinimumVisualStudioVersion = 10.0.40219.1
Project("{FAE04EC0-301F-11D3-BF4B-00C04F79EFBC}") = "DataManager", "DataManager\DataManager.csproj", "{58A81261-9580-4332-8B54-F36C4DB9E476}"
EndProject
Project("{FAE04EC0-301F-11D3-BF4B-00C04F79EFBC}") = "WebApp", "WebApp\WebApp.csproj", "{98FD898B-1C5F-4552-8EB8-FA1325E34A0C}"
EndProject
Global
	GlobalSection(SolutionConfigurationPlatforms) = preSolution
		Debug|Any CPU = Debug|Any CPU
		Release|Any CPU = Release|Any CPU
	EndGlobalSection
	GlobalSection(ProjectConfigurationPlatforms) = postSolution
		{58A81261-9580-4332-8B54-F36C4DB9E476}.Debug|Any CPU.ActiveCfg = Debug|Any CPU
		{58A81261-9580-4332-8B54-F36C4DB9E476}.Debug|Any CPU.Build.0 = Debug|Any CPU
		{58A81261-9580-4332-8B54-F36C4DB9E476}.Release|Any CPU.ActiveCfg = Release|Any CPU
		{58A81261-9580-4332-8B54-F36C4DB9E476}.Release|Any CPU.Build.0 = Release|Any CPU
		{98FD898B-1C5F-4552-8EB8-FA1325E34A0C}.Debug|Any CPU.ActiveCfg = Debug|Any CPU
		{98FD898B-1C5F-4552-8EB8-FA1325E34A0C}.Debug|Any CPU.Build.0 = Debug|Any CPU
		{98FD898B-1C5F-4552-8EB8-FA1325E34A0C}.Release|Any CPU.ActiveCfg = Release|Any CPU
		{98FD898B-1C5F-4552-8EB8-FA1325E34A0C}.Release|Any CPU.Build.0 = Release|Any CPU
	EndGlobalSection
	GlobalSection(SolutionProperties) = preSolution
		HideSolutionNode = FALSE
	EndGlobalSection
	GlobalSection(ExtensibilityGlobals) = postSolution
		SolutionGuid = {D7FE4CE5-7B8D-492B-AEF1-2D029DC17C37}
	EndGlobalSection
EndGlobal
